
Microsoft Visual Studio Solution File, Format Version 12.00
# Visual Studio 15
VisualStudioVersion = 15.0.28307.102
MinimumVisualStudioVersion = 10.0.40219.1
Project("{FAE04EC0-301F-11D3-BF4B-00C04F79EFBC}") = "HawKeys", "HawKeys\\HawKeys.csproj", "{F3368698-E20A-4749-A145-40BB51ED5388}"
EndProject
Global
	GlobalSection(SolutionConfigurationPlatforms) = preSolution
		Debug|Any CPU = Debug|Any CPU
		Release|Any CPU = Release|Any CPU
	EndGlobalSection
	GlobalSection(ProjectConfigurationPlatforms) = postSolution
		{F3368698-E20A-4749-A145-40BB51ED5388}.Debug|Any CPU.ActiveCfg = Debug|Any CPU
		{F3368698-E20A-4749-A145-40BB51ED5388}.Debug|Any CPU.Build.0 = Debug|Any CPU
		{F3368698-E20A-4749-A145-40BB51ED5388}.Release|Any CPU.ActiveCfg = Release|Any CPU
		{F3368698-E20A-4749-A145-40BB51ED5388}.Release|Any CPU.Build.0 = Release|Any CPU
	EndGlobalSection
	GlobalSection(SolutionProperties) = preSolution
		HideSolutionNode = FALSE
	EndGlobalSection
	GlobalSection(ExtensibilityGlobals) = postSolution
		SolutionGuid = {F22BC87E-73DE-475C-B840-20817DB89961}
	EndGlobalSection
EndGlobal
